
Microsoft Visual Studio Solution File, Format Version 12.00
# Visual Studio 15
VisualStudioVersion = 15.0.28307.572
MinimumVisualStudioVersion = 10.0.40219.1
Project("{9092AA53-FB77-4645-B42D-1CCCA6BD08BD}") = "ZL.VueJsZero", "ZL.VueJsZero\ZL.VueJsZero.njsproj", "{E5004AF8-577B-497B-9B73-DF313460DE25}"
EndProject
Global
	GlobalSection(SolutionConfigurationPlatforms) = preSolution
		Debug|Any CPU = Debug|Any CPU
		Release|Any CPU = Release|Any CPU
	EndGlobalSection
	GlobalSection(ProjectConfigurationPlatforms) = postSolution
		{E5004AF8-577B-497B-9B73-DF313460DE25}.Debug|Any CPU.ActiveCfg = Debug|Any CPU
		{E5004AF8-577B-497B-9B73-DF313460DE25}.Debug|Any CPU.Build.0 = Debug|Any CPU
		{E5004AF8-577B-497B-9B73-DF313460DE25}.Release|Any CPU.ActiveCfg = Release|Any CPU
		{E5004AF8-577B-497B-9B73-DF313460DE25}.Release|Any CPU.Build.0 = Release|Any CPU
	EndGlobalSection
	GlobalSection(SolutionProperties) = preSolution
		HideSolutionNode = FALSE
	EndGlobalSection
	GlobalSection(ExtensibilityGlobals) = postSolution
		SolutionGuid = {8C7DEE10-1299-4E19-995B-75059D66FB19}
	EndGlobalSection
EndGlobal
