
Microsoft Visual Studio Solution File, Format Version 12.00
# Visual Studio 15
VisualStudioVersion = 15.0.28307.572
MinimumVisualStudioVersion = 10.0.40219.1
Project("{9A19103F-16F7-4668-BE54-9A1E7A4F7556}") = "ZL.Poem.ConsoleClient", "ZL.Poem.ConsoleClient\ZL.Poem.ConsoleClient.csproj", "{EB7D0EE3-1765-4B4B-AA24-13F369D57DCB}"
EndProject
Project("{9A19103F-16F7-4668-BE54-9A1E7A4F7556}") = "ZL.Poem.Core", "ZL.Poem.Core\ZL.Poem.Core.csproj", "{30769059-93CD-4489-B923-81DB6E7256E5}"
EndProject
Project("{9A19103F-16F7-4668-BE54-9A1E7A4F7556}") = "ZL.Poem.EF", "ZL.Poem.EF\ZL.Poem.EF.csproj", "{32E901AF-A59D-40E5-A118-7F1BE7598B1F}"
EndProject
Project("{FAE04EC0-301F-11D3-BF4B-00C04F79EFBC}") = "ZL.Poem.Application", "ZL.Poem.Application\ZL.Poem.Application.csproj", "{679BB0E4-3C57-4718-91EA-0C45C346039B}"
EndProject
Global
	GlobalSection(SolutionConfigurationPlatforms) = preSolution
		Debug|Any CPU = Debug|Any CPU
		Release|Any CPU = Release|Any CPU
	EndGlobalSection
	GlobalSection(ProjectConfigurationPlatforms) = postSolution
		{EB7D0EE3-1765-4B4B-AA24-13F369D57DCB}.Debug|Any CPU.ActiveCfg = Debug|Any CPU
		{EB7D0EE3-1765-4B4B-AA24-13F369D57DCB}.Debug|Any CPU.Build.0 = Debug|Any CPU
		{EB7D0EE3-1765-4B4B-AA24-13F369D57DCB}.Release|Any CPU.ActiveCfg = Release|Any CPU
		{EB7D0EE3-1765-4B4B-AA24-13F369D57DCB}.Release|Any CPU.Build.0 = Release|Any CPU
		{30769059-93CD-4489-B923-81DB6E7256E5}.Debug|Any CPU.ActiveCfg = Debug|Any CPU
		{30769059-93CD-4489-B923-81DB6E7256E5}.Debug|Any CPU.Build.0 = Debug|Any CPU
		{30769059-93CD-4489-B923-81DB6E7256E5}.Release|Any CPU.ActiveCfg = Release|Any CPU
		{30769059-93CD-4489-B923-81DB6E7256E5}.Release|Any CPU.Build.0 = Release|Any CPU
		{32E901AF-A59D-40E5-A118-7F1BE7598B1F}.Debug|Any CPU.ActiveCfg = Debug|Any CPU
		{32E901AF-A59D-40E5-A118-7F1BE7598B1F}.Debug|Any CPU.Build.0 = Debug|Any CPU
		{32E901AF-A59D-40E5-A118-7F1BE7598B1F}.Release|Any CPU.ActiveCfg = Release|Any CPU
		{32E901AF-A59D-40E5-A118-7F1BE7598B1F}.Release|Any CPU.Build.0 = Release|Any CPU
		{679BB0E4-3C57-4718-91EA-0C45C346039B}.Debug|Any CPU.ActiveCfg = Debug|Any CPU
		{679BB0E4-3C57-4718-91EA-0C45C346039B}.Debug|Any CPU.Build.0 = Debug|Any CPU
		{679BB0E4-3C57-4718-91EA-0C45C346039B}.Release|Any CPU.ActiveCfg = Release|Any CPU
		{679BB0E4-3C57-4718-91EA-0C45C346039B}.Release|Any CPU.Build.0 = Release|Any CPU
	EndGlobalSection
	GlobalSection(SolutionProperties) = preSolution
		HideSolutionNode = FALSE
	EndGlobalSection
	GlobalSection(ExtensibilityGlobals) = postSolution
		SolutionGuid = {B54BFB22-F6D0-48EE-854C-B1A61BC0BBE5}
	EndGlobalSection
EndGlobal
